
Microsoft Visual Studio Solution File, Format Version 12.00
# Visual Studio Version 17
VisualStudioVersion = 17.5.33627.172
MinimumVisualStudioVersion = 10.0.40219.1
Project("{FAE04EC0-301F-11D3-BF4B-00C04F79EFBC}") = "ECommerceAPI", "ECommerceAPI\ECommerceAPI.csproj", "{15E69A23-494B-42CE-9843-476CB981DAB7}"
EndProject
Project("{FAE04EC0-301F-11D3-BF4B-00C04F79EFBC}") = "ECommerceCore", "ECommerceCore\ECommerceCore.csproj", "{C1AB5B60-067E-431B-97B6-83825208B385}"
EndProject
Global
	GlobalSection(SolutionConfigurationPlatforms) = preSolution
		Debug|Any CPU = Debug|Any CPU
		Release|Any CPU = Release|Any CPU
	EndGlobalSection
	GlobalSection(ProjectConfigurationPlatforms) = postSolution
		{15E69A23-494B-42CE-9843-476CB981DAB7}.Debug|Any CPU.ActiveCfg = Debug|Any CPU
		{15E69A23-494B-42CE-9843-476CB981DAB7}.Debug|Any CPU.Build.0 = Debug|Any CPU
		{15E69A23-494B-42CE-9843-476CB981DAB7}.Release|Any CPU.ActiveCfg = Release|Any CPU
		{15E69A23-494B-42CE-9843-476CB981DAB7}.Release|Any CPU.Build.0 = Release|Any CPU
		{C1AB5B60-067E-431B-97B6-83825208B385}.Debug|Any CPU.ActiveCfg = Debug|Any CPU
		{C1AB5B60-067E-431B-97B6-83825208B385}.Debug|Any CPU.Build.0 = Debug|Any CPU
		{C1AB5B60-067E-431B-97B6-83825208B385}.Release|Any CPU.ActiveCfg = Release|Any CPU
		{C1AB5B60-067E-431B-97B6-83825208B385}.Release|Any CPU.Build.0 = Release|Any CPU
	EndGlobalSection
	GlobalSection(SolutionProperties) = preSolution
		HideSolutionNode = FALSE
	EndGlobalSection
	GlobalSection(ExtensibilityGlobals) = postSolution
		SolutionGuid = {63743979-CCB7-4643-996B-301BB57F4C4C}
	EndGlobalSection
EndGlobal
